
Microsoft Visual Studio Solution File, Format Version 12.00
# Visual Studio Version 17
VisualStudioVersion = 17.2.32602.215
MinimumVisualStudioVersion = 10.0.40219.1
Project("{FAE04EC0-301F-11D3-BF4B-00C04F79EFBC}") = "AbaddonBuilder", "AbaddonBuilder\AbaddonBuilder.csproj", "{5CF4F152-1B61-44B7-808A-482811644EE5}"
EndProject
Project("{FAE04EC0-301F-11D3-BF4B-00C04F79EFBC}") = "AbaddonStub", "AbaddonStub\AbaddonStub.csproj", "{33954508-F653-4D74-94A9-4A19E9AF6EAB}"
EndProject
Global
	GlobalSection(SolutionConfigurationPlatforms) = preSolution
		Debug|Any CPU = Debug|Any CPU
		Release|Any CPU = Release|Any CPU
	EndGlobalSection
	GlobalSection(ProjectConfigurationPlatforms) = postSolution
		{5CF4F152-1B61-44B7-808A-482811644EE5}.Debug|Any CPU.ActiveCfg = Debug|Any CPU
		{5CF4F152-1B61-44B7-808A-482811644EE5}.Debug|Any CPU.Build.0 = Debug|Any CPU
		{5CF4F152-1B61-44B7-808A-482811644EE5}.Release|Any CPU.ActiveCfg = Release|Any CPU
		{5CF4F152-1B61-44B7-808A-482811644EE5}.Release|Any CPU.Build.0 = Release|Any CPU
		{33954508-F653-4D74-94A9-4A19E9AF6EAB}.Debug|Any CPU.ActiveCfg = Debug|Any CPU
		{33954508-F653-4D74-94A9-4A19E9AF6EAB}.Debug|Any CPU.Build.0 = Debug|Any CPU
		{33954508-F653-4D74-94A9-4A19E9AF6EAB}.Release|Any CPU.ActiveCfg = Release|Any CPU
		{33954508-F653-4D74-94A9-4A19E9AF6EAB}.Release|Any CPU.Build.0 = Release|Any CPU
	EndGlobalSection
	GlobalSection(SolutionProperties) = preSolution
		HideSolutionNode = FALSE
	EndGlobalSection
	GlobalSection(ExtensibilityGlobals) = postSolution
		SolutionGuid = {8E075DFB-D6C9-4848-A9C9-673A58042CA7}
	EndGlobalSection
EndGlobal
